
Microsoft Visual Studio Solution File, Format Version 12.00
# Visual Studio 15
VisualStudioVersion = 15.0.27428.2043
MinimumVisualStudioVersion = 10.0.40219.1
Project("{FAE04EC0-301F-11D3-BF4B-00C04F79EFBC}") = "Chip8", "Chip8\Chip8.csproj", "{81C54BBE-54A7-4973-A13D-4ADE54D0AD78}"
EndProject
Global
	GlobalSection(SolutionConfigurationPlatforms) = preSolution
		Debug|Any CPU = Debug|Any CPU
		Release|Any CPU = Release|Any CPU
	EndGlobalSection
	GlobalSection(ProjectConfigurationPlatforms) = postSolution
		{81C54BBE-54A7-4973-A13D-4ADE54D0AD78}.Debug|Any CPU.ActiveCfg = Debug|Any CPU
		{81C54BBE-54A7-4973-A13D-4ADE54D0AD78}.Debug|Any CPU.Build.0 = Debug|Any CPU
		{81C54BBE-54A7-4973-A13D-4ADE54D0AD78}.Release|Any CPU.ActiveCfg = Release|Any CPU
		{81C54BBE-54A7-4973-A13D-4ADE54D0AD78}.Release|Any CPU.Build.0 = Release|Any CPU
	EndGlobalSection
	GlobalSection(SolutionProperties) = preSolution
		HideSolutionNode = FALSE
	EndGlobalSection
	GlobalSection(ExtensibilityGlobals) = postSolution
		SolutionGuid = {0FE85290-95ED-42DE-A73E-71F4F1C8384B}
	EndGlobalSection
EndGlobal
